
Microsoft Visual Studio Solution File, Format Version 12.00
# Visual Studio 15
VisualStudioVersion = 15.0.28307.271
MinimumVisualStudioVersion = 10.0.40219.1
Project("{FAE04EC0-301F-11D3-BF4B-00C04F79EFBC}") = "Budilnik", "Budilnik\Budilnik.csproj", "{0888452B-7CB5-4C18-8F17-589828F96E88}"
EndProject
Global
	GlobalSection(SolutionConfigurationPlatforms) = preSolution
		Debug|Any CPU = Debug|Any CPU
		Release|Any CPU = Release|Any CPU
	EndGlobalSection
	GlobalSection(ProjectConfigurationPlatforms) = postSolution
		{0888452B-7CB5-4C18-8F17-589828F96E88}.Debug|Any CPU.ActiveCfg = Debug|Any CPU
		{0888452B-7CB5-4C18-8F17-589828F96E88}.Debug|Any CPU.Build.0 = Debug|Any CPU
		{0888452B-7CB5-4C18-8F17-589828F96E88}.Release|Any CPU.ActiveCfg = Release|Any CPU
		{0888452B-7CB5-4C18-8F17-589828F96E88}.Release|Any CPU.Build.0 = Release|Any CPU
	EndGlobalSection
	GlobalSection(SolutionProperties) = preSolution
		HideSolutionNode = FALSE
	EndGlobalSection
	GlobalSection(ExtensibilityGlobals) = postSolution
		SolutionGuid = {03A33089-A6B7-4CC4-8413-5FF52399C4D4}
	EndGlobalSection
EndGlobal
